// !$*UTF8*$!
{
	archiveVersion = 1;
	classes = {
	};
	objectVersion = 55;
	objects = {

/* Begin PBXBuildFile section */
		1E3D1E6628ACF47100F2DE36 /* URLSession+Extension.swift in Sources */ = {isa = PBXBuildFile; fileRef = 1E3D1E6528ACF47100F2DE36 /* URLSession+Extension.swift */; };
		1E4518B728AA928800CD4C75 /* FooterView.swift in Sources */ = {isa = PBXBuildFile; fileRef = 1E4518B628AA928800CD4C75 /* FooterView.swift */; };
		1E4518B928AA92BB00CD4C75 /* HeaderView.swift in Sources */ = {isa = PBXBuildFile; fileRef = 1E4518B828AA92BB00CD4C75 /* HeaderView.swift */; };
		1E4518BB28AA930100CD4C75 /* HeadlineCell.swift in Sources */ = {isa = PBXBuildFile; fileRef = 1E4518BA28AA930100CD4C75 /* HeadlineCell.swift */; };
		1E4518BE28AA949F00CD4C75 /* AppSection.swift in Sources */ = {isa = PBXBuildFile; fileRef = 1E4518BD28AA949F00CD4C75 /* AppSection.swift */; };
		1E4518C028AA9B0500CD4C75 /* FeatureCell.swift in Sources */ = {isa = PBXBuildFile; fileRef = 1E4518BF28AA9B0500CD4C75 /* FeatureCell.swift */; };
		1E4518C228AA9B2700CD4C75 /* PreviewCell.swift in Sources */ = {isa = PBXBuildFile; fileRef = 1E4518C128AA9B2700CD4C75 /* PreviewCell.swift */; };
		1E4518C528AA9BCE00CD4C75 /* Mocks.swift in Sources */ = {isa = PBXBuildFile; fileRef = 1E4518C428AA9BCE00CD4C75 /* Mocks.swift */; };
		1E72460128AA61D200C04114 /* SearchViewModel.swift in Sources */ = {isa = PBXBuildFile; fileRef = 1E72460028AA61D200C04114 /* SearchViewModel.swift */; };
		1EF752DD28A544C300CF8F92 /* AppDelegate.swift in Sources */ = {isa = PBXBuildFile; fileRef = 1EF752DC28A544C300CF8F92 /* AppDelegate.swift */; };
		1EF752DF28A544C300CF8F92 /* SceneDelegate.swift in Sources */ = {isa = PBXBuildFile; fileRef = 1EF752DE28A544C300CF8F92 /* SceneDelegate.swift */; };
		1EF752E628A544C400CF8F92 /* Assets.xcassets in Resources */ = {isa = PBXBuildFile; fileRef = 1EF752E528A544C400CF8F92 /* Assets.xcassets */; };
		1EF752E928A544C400CF8F92 /* LaunchScreen.storyboard in Resources */ = {isa = PBXBuildFile; fileRef = 1EF752E728A544C400CF8F92 /* LaunchScreen.storyboard */; };
		1EF752F128A545CE00CF8F92 /* SearchViewController.swift in Sources */ = {isa = PBXBuildFile; fileRef = 1EF752F028A545CE00CF8F92 /* SearchViewController.swift */; };
		1EF752F328A547AB00CF8F92 /* AppDetailViewController.swift in Sources */ = {isa = PBXBuildFile; fileRef = 1EF752F228A547AB00CF8F92 /* AppDetailViewController.swift */; };
		1EF752F528A5572D00CF8F92 /* Models.swift in Sources */ = {isa = PBXBuildFile; fileRef = 1EF752F428A5572C00CF8F92 /* Models.swift */; };
/* End PBXBuildFile section */

/* Begin PBXFileReference section */
		1E3D1E6528ACF47100F2DE36 /* URLSession+Extension.swift */ = {isa = PBXFileReference; lastKnownFileType = sourcecode.swift; path = "URLSession+Extension.swift"; sourceTree = "<group>"; };
		1E4518B628AA928800CD4C75 /* FooterView.swift */ = {isa = PBXFileReference; lastKnownFileType = sourcecode.swift; path = FooterView.swift; sourceTree = "<group>"; };
		1E4518B828AA92BB00CD4C75 /* HeaderView.swift */ = {isa = PBXFileReference; lastKnownFileType = sourcecode.swift; path = HeaderView.swift; sourceTree = "<group>"; };
		1E4518BA28AA930100CD4C75 /* HeadlineCell.swift */ = {isa = PBXFileReference; lastKnownFileType = sourcecode.swift; path = HeadlineCell.swift; sourceTree = "<group>"; };
		1E4518BD28AA949F00CD4C75 /* AppSection.swift */ = {isa = PBXFileReference; lastKnownFileType = sourcecode.swift; path = AppSection.swift; sourceTree = "<group>"; };
		1E4518BF28AA9B0500CD4C75 /* FeatureCell.swift */ = {isa = PBXFileReference; lastKnownFileType = sourcecode.swift; path = FeatureCell.swift; sourceTree = "<group>"; };
		1E4518C128AA9B2700CD4C75 /* PreviewCell.swift */ = {isa = PBXFileReference; lastKnownFileType = sourcecode.swift; path = PreviewCell.swift; sourceTree = "<group>"; };
		1E4518C428AA9BCE00CD4C75 /* Mocks.swift */ = {isa = PBXFileReference; lastKnownFileType = sourcecode.swift; path = Mocks.swift; sourceTree = "<group>"; };
		1E72460028AA61D200C04114 /* SearchViewModel.swift */ = {isa = PBXFileReference; lastKnownFileType = sourcecode.swift; path = SearchViewModel.swift; sourceTree = "<group>"; };
		1EF752D928A544C300CF8F92 /* AppPage.app */ = {isa = PBXFileReference; explicitFileType = wrapper.application; includeInIndex = 0; path = AppPage.app; sourceTree = BUILT_PRODUCTS_DIR; };
		1EF752DC28A544C300CF8F92 /* AppDelegate.swift */ = {isa = PBXFileReference; lastKnownFileType = sourcecode.swift; path = AppDelegate.swift; sourceTree = "<group>"; };
		1EF752DE28A544C300CF8F92 /* SceneDelegate.swift */ = {isa = PBXFileReference; lastKnownFileType = sourcecode.swift; path = SceneDelegate.swift; sourceTree = "<group>"; };
		1EF752E528A544C400CF8F92 /* Assets.xcassets */ = {isa = PBXFileReference; lastKnownFileType = folder.assetcatalog; path = Assets.xcassets; sourceTree = "<group>"; };
		1EF752E828A544C400CF8F92 /* Base */ = {isa = PBXFileReference; lastKnownFileType = file.storyboard; name = Base; path = Base.lproj/LaunchScreen.storyboard; sourceTree = "<group>"; };
		1EF752EA28A544C400CF8F92 /* Info.plist */ = {isa = PBXFileReference; lastKnownFileType = text.plist.xml; path = Info.plist; sourceTree = "<group>"; };
		1EF752F028A545CE00CF8F92 /* SearchViewController.swift */ = {isa = PBXFileReference; lastKnownFileType = sourcecode.swift; path = SearchViewController.swift; sourceTree = "<group>"; };
		1EF752F228A547AB00CF8F92 /* AppDetailViewController.swift */ = {isa = PBXFileReference; lastKnownFileType = sourcecode.swift; path = AppDetailViewController.swift; sourceTree = "<group>"; };
		1EF752F428A5572C00CF8F92 /* Models.swift */ = {isa = PBXFileReference; lastKnownFileType = sourcecode.swift; path = Models.swift; sourceTree = "<group>"; };
/* End PBXFileReference section */

/* Begin PBXFrameworksBuildPhase section */
		1EF752D628A544C300CF8F92 /* Frameworks */ = {
			isa = PBXFrameworksBuildPhase;
			buildActionMask = 2147483647;
			files = (
			);
			runOnlyForDeploymentPostprocessing = 0;
		};
/* End PBXFrameworksBuildPhase section */

/* Begin PBXGroup section */
		1E3D1E6428ACF44F00F2DE36 /* Extensions */ = {
			isa = PBXGroup;
			children = (
				1E3D1E6528ACF47100F2DE36 /* URLSession+Extension.swift */,
			);
			path = Extensions;
			sourceTree = "<group>";
		};
		1E4518B528AA924100CD4C75 /* Views */ = {
			isa = PBXGroup;
			children = (
				1E4518C128AA9B2700CD4C75 /* PreviewCell.swift */,
				1E4518BF28AA9B0500CD4C75 /* FeatureCell.swift */,
				1E4518B628AA928800CD4C75 /* FooterView.swift */,
				1E4518B828AA92BB00CD4C75 /* HeaderView.swift */,
				1E4518BA28AA930100CD4C75 /* HeadlineCell.swift */,
			);
			path = Views;
			sourceTree = "<group>";
		};
		1E4518BC28AA948D00CD4C75 /* Models */ = {
			isa = PBXGroup;
			children = (
				1E4518BD28AA949F00CD4C75 /* AppSection.swift */,
				1EF752F428A5572C00CF8F92 /* Models.swift */,
			);
			path = Models;
			sourceTree = "<group>";
		};
		1E4518C328AA9BBA00CD4C75 /* Mocks */ = {
			isa = PBXGroup;
			children = (
				1E4518C428AA9BCE00CD4C75 /* Mocks.swift */,
			);
			path = Mocks;
			sourceTree = "<group>";
		};
		1E4518C628AAA57D00CD4C75 /* SearchScene */ = {
			isa = PBXGroup;
			children = (
				1E72460028AA61D200C04114 /* SearchViewModel.swift */,
				1EF752F028A545CE00CF8F92 /* SearchViewController.swift */,
			);
			path = SearchScene;
			sourceTree = "<group>";
		};
		1E4518C728AAA59700CD4C75 /* DetailScene */ = {
			isa = PBXGroup;
			children = (
				1EF752F228A547AB00CF8F92 /* AppDetailViewController.swift */,
			);
			path = DetailScene;
			sourceTree = "<group>";
		};
		1E4518C828AAA5E700CD4C75 /* Application */ = {
			isa = PBXGroup;
			children = (
				1EF752DC28A544C300CF8F92 /* AppDelegate.swift */,
				1EF752DE28A544C300CF8F92 /* SceneDelegate.swift */,
			);
			path = Application;
			sourceTree = "<group>";
		};
		1EF752D028A544C300CF8F92 = {
			isa = PBXGroup;
			children = (
				1EF752DB28A544C300CF8F92 /* AppPage */,
				1EF752DA28A544C300CF8F92 /* Products */,
			);
			sourceTree = "<group>";
		};
		1EF752DA28A544C300CF8F92 /* Products */ = {
			isa = PBXGroup;
			children = (
				1EF752D928A544C300CF8F92 /* AppPage.app */,
			);
			name = Products;
			sourceTree = "<group>";
		};
		1EF752DB28A544C300CF8F92 /* AppPage */ = {
			isa = PBXGroup;
			children = (
				1E3D1E6428ACF44F00F2DE36 /* Extensions */,
				1E4518C828AAA5E700CD4C75 /* Application */,
				1E4518C728AAA59700CD4C75 /* DetailScene */,
				1E4518C628AAA57D00CD4C75 /* SearchScene */,
				1E4518C328AA9BBA00CD4C75 /* Mocks */,
				1E4518BC28AA948D00CD4C75 /* Models */,
				1E4518B528AA924100CD4C75 /* Views */,
				1EF752E528A544C400CF8F92 /* Assets.xcassets */,
				1EF752E728A544C400CF8F92 /* LaunchScreen.storyboard */,
				1EF752EA28A544C400CF8F92 /* Info.plist */,
			);
			path = AppPage;
			sourceTree = "<group>";
		};
/* End PBXGroup section */

/* Begin PBXNativeTarget section */
		1EF752D828A544C300CF8F92 /* AppPage */ = {
			isa = PBXNativeTarget;
			buildConfigurationList = 1EF752ED28A544C400CF8F92 /* Build configuration list for PBXNativeTarget "AppPage" */;
			buildPhases = (
				1EF752D528A544C300CF8F92 /* Sources */,
				1EF752D628A544C300CF8F92 /* Frameworks */,
				1EF752D728A544C300CF8F92 /* Resources */,
			);
			buildRules = (
			);
			dependencies = (
			);
			name = AppPage;
			productName = AppPage;
			productReference = 1EF752D928A544C300CF8F92 /* AppPage.app */;
			productType = "com.apple.product-type.application";
		};
/* End PBXNativeTarget section */

/* Begin PBXProject section */
		1EF752D128A544C300CF8F92 /* Project object */ = {
			isa = PBXProject;
			attributes = {
				BuildIndependentTargetsInParallel = 1;
				LastSwiftUpdateCheck = 1340;
				LastUpgradeCheck = 1340;
				TargetAttributes = {
					1EF752D828A544C300CF8F92 = {
						CreatedOnToolsVersion = 13.4.1;
					};
				};
			};
			buildConfigurationList = 1EF752D428A544C300CF8F92 /* Build configuration list for PBXProject "AppPage" */;
			compatibilityVersion = "Xcode 13.0";
			developmentRegion = en;
			hasScannedForEncodings = 0;
			knownRegions = (
				en,
				Base,
			);
			mainGroup = 1EF752D028A544C300CF8F92;
			productRefGroup = 1EF752DA28A544C300CF8F92 /* Products */;
			projectDirPath = "";
			projectRoot = "";
			targets = (
				1EF752D828A544C300CF8F92 /* AppPage */,
			);
		};
/* End PBXProject section */

/* Begin PBXResourcesBuildPhase section */
		1EF752D728A544C300CF8F92 /* Resources */ = {
			isa = PBXResourcesBuildPhase;
			buildActionMask = 2147483647;
			files = (
				1EF752E928A544C400CF8F92 /* LaunchScreen.storyboard in Resources */,
				1EF752E628A544C400CF8F92 /* Assets.xcassets in Resources */,
			);
			runOnlyForDeploymentPostprocessing = 0;
		};
/* End PBXResourcesBuildPhase section */

/* Begin PBXSourcesBuildPhase section */
		1EF752D528A544C300CF8F92 /* Sources */ = {
			isa = PBXSourcesBuildPhase;
			buildActionMask = 2147483647;
			files = (
				1E72460128AA61D200C04114 /* SearchViewModel.swift in Sources */,
				1E4518C028AA9B0500CD4C75 /* FeatureCell.swift in Sources */,
				1E3D1E6628ACF47100F2DE36 /* URLSession+Extension.swift in Sources */,
				1E4518BE28AA949F00CD4C75 /* AppSection.swift in Sources */,
				1E4518B728AA928800CD4C75 /* FooterView.swift in Sources */,
				1EF752DD28A544C300CF8F92 /* AppDelegate.swift in Sources */,
				1E4518C528AA9BCE00CD4C75 /* Mocks.swift in Sources */,
				1EF752F128A545CE00CF8F92 /* SearchViewController.swift in Sources */,
				1E4518C228AA9B2700CD4C75 /* PreviewCell.swift in Sources */,
				1E4518BB28AA930100CD4C75 /* HeadlineCell.swift in Sources */,
				1EF752DF28A544C300CF8F92 /* SceneDelegate.swift in Sources */,
				1EF752F328A547AB00CF8F92 /* AppDetailViewController.swift in Sources */,
				1EF752F528A5572D00CF8F92 /* Models.swift in Sources */,
				1E4518B928AA92BB00CD4C75 /* HeaderView.swift in Sources */,
			);
			runOnlyForDeploymentPostprocessing = 0;
		};
/* End PBXSourcesBuildPhase section */

/* Begin PBXVariantGroup section */
		1EF752E728A544C400CF8F92 /* LaunchScreen.storyboard */ = {
			isa = PBXVariantGroup;
			children = (
				1EF752E828A544C400CF8F92 /* Base */,
			);
			name = LaunchScreen.storyboard;
			sourceTree = "<group>";
		};
/* End PBXVariantGroup section */

/* Begin XCBuildConfiguration section */
		1EF752EB28A544C400CF8F92 /* Debug */ = {
			isa = XCBuildConfiguration;
			buildSettings = {
				ALWAYS_SEARCH_USER_PATHS = NO;
				CLANG_ANALYZER_NONNULL = YES;
				CLANG_ANALYZER_NUMBER_OBJECT_CONVERSION = YES_AGGRESSIVE;
				CLANG_CXX_LANGUAGE_STANDARD = "gnu++17";
				CLANG_ENABLE_MODULES = YES;
				CLANG_ENABLE_OBJC_ARC = YES;
				CLANG_ENABLE_OBJC_WEAK = YES;
				CLANG_WARN_BLOCK_CAPTURE_AUTORELEASING = YES;
				CLANG_WARN_BOOL_CONVERSION = YES;
				CLANG_WARN_COMMA = YES;
				CLANG_WARN_CONSTANT_CONVERSION = YES;
				CLANG_WARN_DEPRECATED_OBJC_IMPLEMENTATIONS = YES;
				CLANG_WARN_DIRECT_OBJC_ISA_USAGE = YES_ERROR;
				CLANG_WARN_DOCUMENTATION_COMMENTS = YES;
				CLANG_WARN_EMPTY_BODY = YES;
				CLANG_WARN_ENUM_CONVERSION = YES;
				CLANG_WARN_INFINITE_RECURSION = YES;
				CLANG_WARN_INT_CONVERSION = YES;
				CLANG_WARN_NON_LITERAL_NULL_CONVERSION = YES;
				CLANG_WARN_OBJC_IMPLICIT_RETAIN_SELF = YES;
				CLANG_WARN_OBJC_LITERAL_CONVERSION = YES;
				CLANG_WARN_OBJC_ROOT_CLASS = YES_ERROR;
				CLANG_WARN_QUOTED_INCLUDE_IN_FRAMEWORK_HEADER = YES;
				CLANG_WARN_RANGE_LOOP_ANALYSIS = YES;
				CLANG_WARN_STRICT_PROTOTYPES = YES;
				CLANG_WARN_SUSPICIOUS_MOVE = YES;
				CLANG_WARN_UNGUARDED_AVAILABILITY = YES_AGGRESSIVE;
				CLANG_WARN_UNREACHABLE_CODE = YES;
				CLANG_WARN__DUPLICATE_METHOD_MATCH = YES;
				COPY_PHASE_STRIP = NO;
				DEBUG_INFORMATION_FORMAT = dwarf;
				ENABLE_STRICT_OBJC_MSGSEND = YES;
				ENABLE_TESTABILITY = YES;
				GCC_C_LANGUAGE_STANDARD = gnu11;
				GCC_DYNAMIC_NO_PIC = NO;
				GCC_NO_COMMON_BLOCKS = YES;
				GCC_OPTIMIZATION_LEVEL = 0;
				GCC_PREPROCESSOR_DEFINITIONS = (
					"DEBUG=1",
					"$(inherited)",
				);
				GCC_WARN_64_TO_32_BIT_CONVERSION = YES;
				GCC_WARN_ABOUT_RETURN_TYPE = YES_ERROR;
				GCC_WARN_UNDECLARED_SELECTOR = YES;
				GCC_WARN_UNINITIALIZED_AUTOS = YES_AGGRESSIVE;
				GCC_WARN_UNUSED_FUNCTION = YES;
				GCC_WARN_UNUSED_VARIABLE = YES;
				IPHONEOS_DEPLOYMENT_TARGET = 15.5;
				MTL_ENABLE_DEBUG_INFO = INCLUDE_SOURCE;
				MTL_FAST_MATH = YES;
				ONLY_ACTIVE_ARCH = YES;
				SDKROOT = iphoneos;
				SWIFT_ACTIVE_COMPILATION_CONDITIONS = DEBUG;
				SWIFT_OPTIMIZATION_LEVEL = "-Onone";
			};
			name = Debug;
		};
		1EF752EC28A544C400CF8F92 /* Release */ = {
			isa = XCBuildConfiguration;
			buildSettings = {
				ALWAYS_SEARCH_USER_PATHS = NO;
				CLANG_ANALYZER_NONNULL = YES;
				CLANG_ANALYZER_NUMBER_OBJECT_CONVERSION = YES_AGGRESSIVE;
				CLANG_CXX_LANGUAGE_STANDARD = "gnu++17";
				CLANG_ENABLE_MODULES = YES;
				CLANG_ENABLE_OBJC_ARC = YES;
				CLANG_ENABLE_OBJC_WEAK = YES;
				CLANG_WARN_BLOCK_CAPTURE_AUTORELEASING = YES;
				CLANG_WARN_BOOL_CONVERSION = YES;
				CLANG_WARN_COMMA = YES;
				CLANG_WARN_CONSTANT_CONVERSION = YES;
				CLANG_WARN_DEPRECATED_OBJC_IMPLEMENTATIONS = YES;
				CLANG_WARN_DIRECT_OBJC_ISA_USAGE = YES_ERROR;
				CLANG_WARN_DOCUMENTATION_COMMENTS = YES;
				CLANG_WARN_EMPTY_BODY = YES;
				CLANG_WARN_ENUM_CONVERSION = YES;
				CLANG_WARN_INFINITE_RECURSION = YES;
				CLANG_WARN_INT_CONVERSION = YES;
				CLANG_WARN_NON_LITERAL_NULL_CONVERSION = YES;
				CLANG_WARN_OBJC_IMPLICIT_RETAIN_SELF = YES;
				CLANG_WARN_OBJC_LITERAL_CONVERSION = YES;
				CLANG_WARN_OBJC_ROOT_CLASS = YES_ERROR;
				CLANG_WARN_QUOTED_INCLUDE_IN_FRAMEWORK_HEADER = YES;
				CLANG_WARN_RANGE_LOOP_ANALYSIS = YES;
				CLANG_WARN_STRICT_PROTOTYPES = YES;
				CLANG_WARN_SUSPICIOUS_MOVE = YES;
				CLANG_WARN_UNGUARDED_AVAILABILITY = YES_AGGRESSIVE;
				CLANG_WARN_UNREACHABLE_CODE = YES;
				CLANG_WARN__DUPLICATE_METHOD_MATCH = YES;
				COPY_PHASE_STRIP = NO;
				DEBUG_INFORMATION_FORMAT = "dwarf-with-dsym";
				ENABLE_NS_ASSERTIONS = NO;
				ENABLE_STRICT_OBJC_MSGSEND = YES;
				GCC_C_LANGUAGE_STANDARD = gnu11;
				GCC_NO_COMMON_BLOCKS = YES;
				GCC_WARN_64_TO_32_BIT_CONVERSION = YES;
				GCC_WARN_ABOUT_RETURN_TYPE = YES_ERROR;
				GCC_WARN_UNDECLARED_SELECTOR = YES;
				GCC_WARN_UNINITIALIZED_AUTOS = YES_AGGRESSIVE;
				GCC_WARN_UNUSED_FUNCTION = YES;
				GCC_WARN_UNUSED_VARIABLE = YES;
				IPHONEOS_DEPLOYMENT_TARGET = 15.5;
				MTL_ENABLE_DEBUG_INFO = NO;
				MTL_FAST_MATH = YES;
				SDKROOT = iphoneos;
				SWIFT_COMPILATION_MODE = wholemodule;
				SWIFT_OPTIMIZATION_LEVEL = "-O";
				VALIDATE_PRODUCT = YES;
			};
			name = Release;
		};
		1EF752EE28A544C400CF8F92 /* Debug */ = {
			isa = XCBuildConfiguration;
			buildSettings = {
				ASSETCATALOG_COMPILER_APPICON_NAME = AppIcon;
				ASSETCATALOG_COMPILER_GLOBAL_ACCENT_COLOR_NAME = AccentColor;
				CODE_SIGN_STYLE = Automatic;
				CURRENT_PROJECT_VERSION = 1;
				DEVELOPMENT_TEAM = Y3H4VTG2FS;
				GENERATE_INFOPLIST_FILE = YES;
				INFOPLIST_FILE = AppPage/Info.plist;
				INFOPLIST_KEY_UIApplicationSupportsIndirectInputEvents = YES;
				INFOPLIST_KEY_UILaunchStoryboardName = LaunchScreen;
				INFOPLIST_KEY_UISupportedInterfaceOrientations = UIInterfaceOrientationPortrait;
				INFOPLIST_KEY_UISupportedInterfaceOrientations_iPad = "UIInterfaceOrientationPortrait UIInterfaceOrientationPortraitUpsideDown UIInterfaceOrientationLandscapeLeft UIInterfaceOrientationLandscapeRight";
				INFOPLIST_KEY_UISupportedInterfaceOrientations_iPhone = "UIInterfaceOrientationPortrait UIInterfaceOrientationLandscapeLeft UIInterfaceOrientationLandscapeRight";
				IPHONEOS_DEPLOYMENT_TARGET = 13.0;
				LD_RUNPATH_SEARCH_PATHS = (
					"$(inherited)",
					"@executable_path/Frameworks",
				);
				MARKETING_VERSION = 1.0;
				PRODUCT_BUNDLE_IDENTIFIER = com.turu.AppPage;
				PRODUCT_NAME = "$(TARGET_NAME)";
				SWIFT_EMIT_LOC_STRINGS = YES;
				SWIFT_VERSION = 5.0;
				TARGETED_DEVICE_FAMILY = 1;
			};
			name = Debug;
		};
		1EF752EF28A544C400CF8F92 /* Release */ = {
			isa = XCBuildConfiguration;
			buildSettings = {
				ASSETCATALOG_COMPILER_APPICON_NAME = AppIcon;
				ASSETCATALOG_COMPILER_GLOBAL_ACCENT_COLOR_NAME = AccentColor;
				CODE_SIGN_STYLE = Automatic;
				CURRENT_PROJECT_VERSION = 1;
				DEVELOPMENT_TEAM = Y3H4VTG2FS;
				GENERATE_INFOPLIST_FILE = YES;
				INFOPLIST_FILE = AppPage/Info.plist;
				INFOPLIST_KEY_UIApplicationSupportsIndirectInputEvents = YES;
				INFOPLIST_KEY_UILaunchStoryboardName = LaunchScreen;
				INFOPLIST_KEY_UISupportedInterfaceOrientations = UIInterfaceOrientationPortrait;
				INFOPLIST_KEY_UISupportedInterfaceOrientations_iPad = "UIInterfaceOrientationPortrait UIInterfaceOrientationPortraitUpsideDown UIInterfaceOrientationLandscapeLeft UIInterfaceOrientationLandscapeRight";
				INFOPLIST_KEY_UISupportedInterfaceOrientations_iPhone = "UIInterfaceOrientationPortrait UIInterfaceOrientationLandscapeLeft UIInterfaceOrientationLandscapeRight";
				IPHONEOS_DEPLOYMENT_TARGET = 13.0;
				LD_RUNPATH_SEARCH_PATHS = (
					"$(inherited)",
					"@executable_path/Frameworks",
				);
				MARKETING_VERSION = 1.0;
				PRODUCT_BUNDLE_IDENTIFIER = com.turu.AppPage;
				PRODUCT_NAME = "$(TARGET_NAME)";
				SWIFT_EMIT_LOC_STRINGS = YES;
				SWIFT_VERSION = 5.0;
				TARGETED_DEVICE_FAMILY = 1;
			};
			name = Release;
		};
/* End XCBuildConfiguration section */

/* Begin XCConfigurationList section */
		1EF752D428A544C300CF8F92 /* Build configuration list for PBXProject "AppPage" */ = {
			isa = XCConfigurationList;
			buildConfigurations = (
				1EF752EB28A544C400CF8F92 /* Debug */,
				1EF752EC28A544C400CF8F92 /* Release */,
			);
			defaultConfigurationIsVisible = 0;
			defaultConfigurationName = Release;
		};
		1EF752ED28A544C400CF8F92 /* Build configuration list for PBXNativeTarget "AppPage" */ = {
			isa = XCConfigurationList;
			buildConfigurations = (
				1EF752EE28A544C400CF8F92 /* Debug */,
				1EF752EF28A544C400CF8F92 /* Release */,
			);
			defaultConfigurationIsVisible = 0;
			defaultConfigurationName = Release;
		};
/* End XCConfigurationList section */
	};
	rootObject = 1EF752D128A544C300CF8F92 /* Project object */;
}
